
Microsoft Visual Studio Solution File, Format Version 12.00
# Visual Studio 15
Project("{FAE04EC0-301F-11D3-BF4B-00C04F79EFBC}") = "razor-play", "razor-play\razor-play.csproj", "{843DBB02-09C0-4BC6-8689-73C0260D8767}"
EndProject
Global
	GlobalSection(SolutionConfigurationPlatforms) = preSolution
		Debug|Any CPU = Debug|Any CPU
		Release|Any CPU = Release|Any CPU
	EndGlobalSection
	GlobalSection(ProjectConfigurationPlatforms) = postSolution
		{843DBB02-09C0-4BC6-8689-73C0260D8767}.Debug|Any CPU.ActiveCfg = Debug|Any CPU
		{843DBB02-09C0-4BC6-8689-73C0260D8767}.Debug|Any CPU.Build.0 = Debug|Any CPU
		{843DBB02-09C0-4BC6-8689-73C0260D8767}.Release|Any CPU.ActiveCfg = Release|Any CPU
		{843DBB02-09C0-4BC6-8689-73C0260D8767}.Release|Any CPU.Build.0 = Release|Any CPU
	EndGlobalSection
EndGlobal
